
Microsoft Visual Studio Solution File, Format Version 12.00
# Visual Studio Version 17
VisualStudioVersion = 17.9.34902.65
MinimumVisualStudioVersion = 10.0.40219.1
Project("{9A19103F-16F7-4668-BE54-9A1E7A4F7556}") = "ProjetoTech", "WebApplication1\ProjetoTech.csproj", "{4195785C-C4E8-4771-8A39-41178465D4F5}"
EndProject
Project("{E53339B2-1760-4266-BCC7-CA923CBCF16C}") = "docker-compose", "docker-compose.dcproj", "{B22428F1-A1E4-408C-841F-62E0667AF054}"
EndProject
Project("{9A19103F-16F7-4668-BE54-9A1E7A4F7556}") = "TestesFaseUm.Tests", "TestesFaseUm\TestesFaseUm.Tests.csproj", "{7B998CA7-E20B-4C9A-AC87-4DE66104B3D3}"
EndProject
Project("{9A19103F-16F7-4668-BE54-9A1E7A4F7556}") = "IntegrationTests", "IntegrationTests\IntegrationTests.csproj", "{9FD76C90-8FFD-4EE3-ABD9-551D681E5325}"
EndProject
Project("{9A19103F-16F7-4668-BE54-9A1E7A4F7556}") = "CadastroService", "CadastroService\CadastroService.csproj", "{3A776DB9-B966-4D30-B749-AA1A52612A42}"
EndProject
Project("{9A19103F-16F7-4668-BE54-9A1E7A4F7556}") = "ConsultaService", "ConsultaService\ConsultaService.csproj", "{0A0848D7-6A2E-4238-AD23-8A19445ADAF7}"
EndProject
Project("{9A19103F-16F7-4668-BE54-9A1E7A4F7556}") = "WorkerService", "WorkerService\WorkerService.csproj", "{21242F3D-8D03-4BBB-ADE5-66D733A4CD6C}"
EndProject
Project("{FAE04EC0-301F-11D3-BF4B-00C04F79EFBC}") = "OcelotApiGateway", "OcelotApiGateway\OcelotApiGateway.csproj", "{BE18AC6F-F5E4-4E55-8391-D4726296EE47}"
EndProject
Global
	GlobalSection(SolutionConfigurationPlatforms) = preSolution
		Debug|Any CPU = Debug|Any CPU
		Release|Any CPU = Release|Any CPU
	EndGlobalSection
	GlobalSection(ProjectConfigurationPlatforms) = postSolution
		{4195785C-C4E8-4771-8A39-41178465D4F5}.Debug|Any CPU.ActiveCfg = Debug|Any CPU
		{4195785C-C4E8-4771-8A39-41178465D4F5}.Debug|Any CPU.Build.0 = Debug|Any CPU
		{4195785C-C4E8-4771-8A39-41178465D4F5}.Release|Any CPU.ActiveCfg = Release|Any CPU
		{4195785C-C4E8-4771-8A39-41178465D4F5}.Release|Any CPU.Build.0 = Release|Any CPU
		{B22428F1-A1E4-408C-841F-62E0667AF054}.Debug|Any CPU.ActiveCfg = Debug|Any CPU
		{B22428F1-A1E4-408C-841F-62E0667AF054}.Debug|Any CPU.Build.0 = Debug|Any CPU
		{B22428F1-A1E4-408C-841F-62E0667AF054}.Release|Any CPU.ActiveCfg = Release|Any CPU
		{B22428F1-A1E4-408C-841F-62E0667AF054}.Release|Any CPU.Build.0 = Release|Any CPU
		{7B998CA7-E20B-4C9A-AC87-4DE66104B3D3}.Debug|Any CPU.ActiveCfg = Debug|Any CPU
		{7B998CA7-E20B-4C9A-AC87-4DE66104B3D3}.Debug|Any CPU.Build.0 = Debug|Any CPU
		{7B998CA7-E20B-4C9A-AC87-4DE66104B3D3}.Release|Any CPU.ActiveCfg = Release|Any CPU
		{7B998CA7-E20B-4C9A-AC87-4DE66104B3D3}.Release|Any CPU.Build.0 = Release|Any CPU
		{9FD76C90-8FFD-4EE3-ABD9-551D681E5325}.Debug|Any CPU.ActiveCfg = Debug|Any CPU
		{9FD76C90-8FFD-4EE3-ABD9-551D681E5325}.Debug|Any CPU.Build.0 = Debug|Any CPU
		{9FD76C90-8FFD-4EE3-ABD9-551D681E5325}.Release|Any CPU.ActiveCfg = Release|Any CPU
		{9FD76C90-8FFD-4EE3-ABD9-551D681E5325}.Release|Any CPU.Build.0 = Release|Any CPU
		{3A776DB9-B966-4D30-B749-AA1A52612A42}.Debug|Any CPU.ActiveCfg = Debug|Any CPU
		{3A776DB9-B966-4D30-B749-AA1A52612A42}.Debug|Any CPU.Build.0 = Debug|Any CPU
		{3A776DB9-B966-4D30-B749-AA1A52612A42}.Release|Any CPU.ActiveCfg = Release|Any CPU
		{3A776DB9-B966-4D30-B749-AA1A52612A42}.Release|Any CPU.Build.0 = Release|Any CPU
		{0A0848D7-6A2E-4238-AD23-8A19445ADAF7}.Debug|Any CPU.ActiveCfg = Debug|Any CPU
		{0A0848D7-6A2E-4238-AD23-8A19445ADAF7}.Debug|Any CPU.Build.0 = Debug|Any CPU
		{0A0848D7-6A2E-4238-AD23-8A19445ADAF7}.Release|Any CPU.ActiveCfg = Release|Any CPU
		{0A0848D7-6A2E-4238-AD23-8A19445ADAF7}.Release|Any CPU.Build.0 = Release|Any CPU
		{21242F3D-8D03-4BBB-ADE5-66D733A4CD6C}.Debug|Any CPU.ActiveCfg = Debug|Any CPU
		{21242F3D-8D03-4BBB-ADE5-66D733A4CD6C}.Debug|Any CPU.Build.0 = Debug|Any CPU
		{21242F3D-8D03-4BBB-ADE5-66D733A4CD6C}.Release|Any CPU.ActiveCfg = Release|Any CPU
		{21242F3D-8D03-4BBB-ADE5-66D733A4CD6C}.Release|Any CPU.Build.0 = Release|Any CPU
		{BE18AC6F-F5E4-4E55-8391-D4726296EE47}.Debug|Any CPU.ActiveCfg = Debug|Any CPU
		{BE18AC6F-F5E4-4E55-8391-D4726296EE47}.Debug|Any CPU.Build.0 = Debug|Any CPU
		{BE18AC6F-F5E4-4E55-8391-D4726296EE47}.Release|Any CPU.ActiveCfg = Release|Any CPU
		{BE18AC6F-F5E4-4E55-8391-D4726296EE47}.Release|Any CPU.Build.0 = Release|Any CPU
	EndGlobalSection
	GlobalSection(SolutionProperties) = preSolution
		HideSolutionNode = FALSE
	EndGlobalSection
	GlobalSection(ExtensibilityGlobals) = postSolution
		SolutionGuid = {7167A939-BBF2-47DC-9763-F2A6026894D5}
	EndGlobalSection
EndGlobal
